
Microsoft Visual Studio Solution File, Format Version 12.00
# Visual Studio Version 17
VisualStudioVersion = 17.14.36203.30 d17.14
MinimumVisualStudioVersion = 10.0.40219.1
Project("{FAE04EC0-301F-11D3-BF4B-00C04F79EFBC}") = "POC", "POC\POC.csproj", "{D1AE4EF6-E18D-47D8-B37F-3FD0CA6818CC}"
EndProject
Global
	GlobalSection(SolutionConfigurationPlatforms) = preSolution
		Debug|Any CPU = Debug|Any CPU
		Release|Any CPU = Release|Any CPU
	EndGlobalSection
	GlobalSection(ProjectConfigurationPlatforms) = postSolution
		{D1AE4EF6-E18D-47D8-B37F-3FD0CA6818CC}.Debug|Any CPU.ActiveCfg = Debug|Any CPU
		{D1AE4EF6-E18D-47D8-B37F-3FD0CA6818CC}.Debug|Any CPU.Build.0 = Debug|Any CPU
		{D1AE4EF6-E18D-47D8-B37F-3FD0CA6818CC}.Release|Any CPU.ActiveCfg = Release|Any CPU
		{D1AE4EF6-E18D-47D8-B37F-3FD0CA6818CC}.Release|Any CPU.Build.0 = Release|Any CPU
	EndGlobalSection
	GlobalSection(SolutionProperties) = preSolution
		HideSolutionNode = FALSE
	EndGlobalSection
	GlobalSection(ExtensibilityGlobals) = postSolution
		SolutionGuid = {848E93E2-C657-489F-A170-2477938BF98E}
	EndGlobalSection
EndGlobal
